
Microsoft Visual Studio Solution File, Format Version 12.00
# Visual Studio Version 16
VisualStudioVersion = 16.0.31005.135
MinimumVisualStudioVersion = 10.0.40219.1
Project("{FAE04EC0-301F-11D3-BF4B-00C04F79EFBC}") = "WCF-WPF-Calculator", "WCF-WPF-Calculator\WCF-WPF-Calculator.csproj", "{4F9470E1-A260-45C2-AFD5-B823D1035D6B}"
EndProject
Global
	GlobalSection(SolutionConfigurationPlatforms) = preSolution
		Debug|Any CPU = Debug|Any CPU
		Release|Any CPU = Release|Any CPU
	EndGlobalSection
	GlobalSection(ProjectConfigurationPlatforms) = postSolution
		{4F9470E1-A260-45C2-AFD5-B823D1035D6B}.Debug|Any CPU.ActiveCfg = Debug|Any CPU
		{4F9470E1-A260-45C2-AFD5-B823D1035D6B}.Debug|Any CPU.Build.0 = Debug|Any CPU
		{4F9470E1-A260-45C2-AFD5-B823D1035D6B}.Release|Any CPU.ActiveCfg = Release|Any CPU
		{4F9470E1-A260-45C2-AFD5-B823D1035D6B}.Release|Any CPU.Build.0 = Release|Any CPU
	EndGlobalSection
	GlobalSection(SolutionProperties) = preSolution
		HideSolutionNode = FALSE
	EndGlobalSection
	GlobalSection(ExtensibilityGlobals) = postSolution
		SolutionGuid = {D096FF61-BE35-42D2-BA05-1F827F2DBFA5}
	EndGlobalSection
EndGlobal
