
Microsoft Visual Studio Solution File, Format Version 12.00
# Visual Studio Version 16
VisualStudioVersion = 16.0.31005.135
MinimumVisualStudioVersion = 10.0.40219.1
Project("{FAE04EC0-301F-11D3-BF4B-00C04F79EFBC}") = "CV5-VirtualAbstract", "CV5-VirtualAbstract.csproj", "{BC0AC590-C621-42A3-83AE-ABF8D3A5BA30}"
EndProject
Global
	GlobalSection(SolutionConfigurationPlatforms) = preSolution
		Debug|Any CPU = Debug|Any CPU
		Release|Any CPU = Release|Any CPU
	EndGlobalSection
	GlobalSection(ProjectConfigurationPlatforms) = postSolution
		{BC0AC590-C621-42A3-83AE-ABF8D3A5BA30}.Debug|Any CPU.ActiveCfg = Debug|Any CPU
		{BC0AC590-C621-42A3-83AE-ABF8D3A5BA30}.Debug|Any CPU.Build.0 = Debug|Any CPU
		{BC0AC590-C621-42A3-83AE-ABF8D3A5BA30}.Release|Any CPU.ActiveCfg = Release|Any CPU
		{BC0AC590-C621-42A3-83AE-ABF8D3A5BA30}.Release|Any CPU.Build.0 = Release|Any CPU
	EndGlobalSection
	GlobalSection(SolutionProperties) = preSolution
		HideSolutionNode = FALSE
	EndGlobalSection
	GlobalSection(ExtensibilityGlobals) = postSolution
		SolutionGuid = {476171DD-081E-41A9-9CCC-A4B9A5A9F30F}
	EndGlobalSection
EndGlobal
